
Microsoft Visual Studio Solution File, Format Version 12.00
# Visual Studio Version 17
VisualStudioVersion = 17.12.35707.178
MinimumVisualStudioVersion = 10.0.40219.1
Project("{9A19103F-16F7-4668-BE54-9A1E7A4F7556}") = "ProductWebAPI2025", "ProductWebAPI2025\ProductWebAPI2025.csproj", "{7559EB0D-D760-4A2E-8F5C-1B558ED07628}"
EndProject
Project("{9A19103F-16F7-4668-BE54-9A1E7A4F7556}") = "ProductModel", "ProductModel\ProductModel.csproj", "{CF9530F4-AFDC-4C0E-9CD3-32DF1FF796DC}"
EndProject
Project("{9A19103F-16F7-4668-BE54-9A1E7A4F7556}") = "ProductConsoleApp", "ProductConsoleApp\ProductConsoleApp.csproj", "{C8D8D063-AAD0-4131-930A-104FD2180D94}"
EndProject
Project("{FAE04EC0-301F-11D3-BF4B-00C04F79EFBC}") = "RAD302Week3Lab12025CL.S00236260", "RAD302Week3Lab12025CL.S00236260\RAD302Week3Lab12025CL.S00236260.csproj", "{2806E306-94E4-4A8A-A06E-C0FB8201AC7A}"
EndProject
Global
	GlobalSection(SolutionConfigurationPlatforms) = preSolution
		Debug|Any CPU = Debug|Any CPU
		Release|Any CPU = Release|Any CPU
	EndGlobalSection
	GlobalSection(ProjectConfigurationPlatforms) = postSolution
		{7559EB0D-D760-4A2E-8F5C-1B558ED07628}.Debug|Any CPU.ActiveCfg = Debug|Any CPU
		{7559EB0D-D760-4A2E-8F5C-1B558ED07628}.Debug|Any CPU.Build.0 = Debug|Any CPU
		{7559EB0D-D760-4A2E-8F5C-1B558ED07628}.Release|Any CPU.ActiveCfg = Release|Any CPU
		{7559EB0D-D760-4A2E-8F5C-1B558ED07628}.Release|Any CPU.Build.0 = Release|Any CPU
		{CF9530F4-AFDC-4C0E-9CD3-32DF1FF796DC}.Debug|Any CPU.ActiveCfg = Debug|Any CPU
		{CF9530F4-AFDC-4C0E-9CD3-32DF1FF796DC}.Debug|Any CPU.Build.0 = Debug|Any CPU
		{CF9530F4-AFDC-4C0E-9CD3-32DF1FF796DC}.Release|Any CPU.ActiveCfg = Release|Any CPU
		{CF9530F4-AFDC-4C0E-9CD3-32DF1FF796DC}.Release|Any CPU.Build.0 = Release|Any CPU
		{C8D8D063-AAD0-4131-930A-104FD2180D94}.Debug|Any CPU.ActiveCfg = Debug|Any CPU
		{C8D8D063-AAD0-4131-930A-104FD2180D94}.Debug|Any CPU.Build.0 = Debug|Any CPU
		{C8D8D063-AAD0-4131-930A-104FD2180D94}.Release|Any CPU.ActiveCfg = Release|Any CPU
		{C8D8D063-AAD0-4131-930A-104FD2180D94}.Release|Any CPU.Build.0 = Release|Any CPU
		{2806E306-94E4-4A8A-A06E-C0FB8201AC7A}.Debug|Any CPU.ActiveCfg = Debug|Any CPU
		{2806E306-94E4-4A8A-A06E-C0FB8201AC7A}.Debug|Any CPU.Build.0 = Debug|Any CPU
		{2806E306-94E4-4A8A-A06E-C0FB8201AC7A}.Release|Any CPU.ActiveCfg = Release|Any CPU
		{2806E306-94E4-4A8A-A06E-C0FB8201AC7A}.Release|Any CPU.Build.0 = Release|Any CPU
	EndGlobalSection
	GlobalSection(SolutionProperties) = preSolution
		HideSolutionNode = FALSE
	EndGlobalSection
	GlobalSection(ExtensibilityGlobals) = postSolution
		SolutionGuid = {ED39611E-4129-459B-B88A-41855AF93B28}
	EndGlobalSection
EndGlobal
